
Microsoft Visual Studio Solution File, Format Version 12.00
# Visual Studio Version 17
VisualStudioVersion = 17.13.35617.110 d17.13
MinimumVisualStudioVersion = 10.0.40219.1
Project("{FAE04EC0-301F-11D3-BF4B-00C04F79EFBC}") = "ASP-SPR311", "ASP-SPR311.csproj", "{A493E783-21CD-4115-A514-63ED20EED7AD}"
EndProject
Global
	GlobalSection(SolutionConfigurationPlatforms) = preSolution
		Debug|Any CPU = Debug|Any CPU
		Release|Any CPU = Release|Any CPU
	EndGlobalSection
	GlobalSection(ProjectConfigurationPlatforms) = postSolution
		{A493E783-21CD-4115-A514-63ED20EED7AD}.Debug|Any CPU.ActiveCfg = Debug|Any CPU
		{A493E783-21CD-4115-A514-63ED20EED7AD}.Debug|Any CPU.Build.0 = Debug|Any CPU
		{A493E783-21CD-4115-A514-63ED20EED7AD}.Release|Any CPU.ActiveCfg = Release|Any CPU
		{A493E783-21CD-4115-A514-63ED20EED7AD}.Release|Any CPU.Build.0 = Release|Any CPU
	EndGlobalSection
	GlobalSection(SolutionProperties) = preSolution
		HideSolutionNode = FALSE
	EndGlobalSection
	GlobalSection(ExtensibilityGlobals) = postSolution
		SolutionGuid = {CD73CD68-1A02-40D4-BCE2-E78568EF2280}
	EndGlobalSection
EndGlobal
